// !$*UTF8*$!
{
	archiveVersion = 1;
	classes = {
	};
	objectVersion = 46;
	objects = {

/* Begin PBXBuildFile section */
		D8A762751D14EED400A1405D /* main.cpp in Sources */ = {isa = PBXBuildFile; fileRef = D8A762741D14EED400A1405D /* main.cpp */; };
		D8A762811D15014300A1405D /* gameManager.cpp in Sources */ = {isa = PBXBuildFile; fileRef = D8A7627F1D15014300A1405D /* gameManager.cpp */; };
/* End PBXBuildFile section */

/* Begin PBXCopyFilesBuildPhase section */
		D8A7626F1D14EED400A1405D /* CopyFiles */ = {
			isa = PBXCopyFilesBuildPhase;
			buildActionMask = 2147483647;
			dstPath = /usr/share/man/man1/;
			dstSubfolderSpec = 0;
			files = (
			);
			runOnlyForDeploymentPostprocessing = 1;
		};
/* End PBXCopyFilesBuildPhase section */

/* Begin PBXFileReference section */
		D8A762711D14EED400A1405D /* mylive_C */ = {isa = PBXFileReference; explicitFileType = "compiled.mach-o.executable"; includeInIndex = 0; path = mylive_C; sourceTree = BUILT_PRODUCTS_DIR; };
		D8A762741D14EED400A1405D /* main.cpp */ = {isa = PBXFileReference; lastKnownFileType = sourcecode.cpp.cpp; path = main.cpp; sourceTree = "<group>"; };
		D8A7627E1D15001A00A1405D /* gameManager.h */ = {isa = PBXFileReference; lastKnownFileType = sourcecode.c.h; name = gameManager.h; path = sources/gameManager.h; sourceTree = SOURCE_ROOT; };
		D8A7627F1D15014300A1405D /* gameManager.cpp */ = {isa = PBXFileReference; fileEncoding = 4; lastKnownFileType = sourcecode.cpp.cpp; name = gameManager.cpp; path = sources/gameManager.cpp; sourceTree = SOURCE_ROOT; };
/* End PBXFileReference section */

/* Begin PBXFrameworksBuildPhase section */
		D8A7626E1D14EED400A1405D /* Frameworks */ = {
			isa = PBXFrameworksBuildPhase;
			buildActionMask = 2147483647;
			files = (
			);
			runOnlyForDeploymentPostprocessing = 0;
		};
/* End PBXFrameworksBuildPhase section */

/* Begin PBXGroup section */
		D8A762681D14EED400A1405D = {
			isa = PBXGroup;
			children = (
				D8A762731D14EED400A1405D /* mylive_C */,
				D8A7627C1D14F1E700A1405D /* sources */,
				D8A762721D14EED400A1405D /* Products */,
			);
			sourceTree = "<group>";
		};
		D8A762721D14EED400A1405D /* Products */ = {
			isa = PBXGroup;
			children = (
				D8A762711D14EED400A1405D /* mylive_C */,
			);
			name = Products;
			sourceTree = "<group>";
		};
		D8A762731D14EED400A1405D /* mylive_C */ = {
			isa = PBXGroup;
			children = (
				D8A762741D14EED400A1405D /* main.cpp */,
			);
			path = mylive_C;
			sourceTree = "<group>";
		};
		D8A7627C1D14F1E700A1405D /* sources */ = {
			isa = PBXGroup;
			children = (
				D8A7627E1D15001A00A1405D /* gameManager.h */,
				D8A7627F1D15014300A1405D /* gameManager.cpp */,
			);
			name = sources;
			path = mylive_C;
			sourceTree = "<group>";
		};
/* End PBXGroup section */

/* Begin PBXNativeTarget section */
		D8A762701D14EED400A1405D /* mylive_C */ = {
			isa = PBXNativeTarget;
			buildConfigurationList = D8A762781D14EED400A1405D /* Build configuration list for PBXNativeTarget "mylive_C" */;
			buildPhases = (
				D8A7626D1D14EED400A1405D /* Sources */,
				D8A7626E1D14EED400A1405D /* Frameworks */,
				D8A7626F1D14EED400A1405D /* CopyFiles */,
			);
			buildRules = (
			);
			dependencies = (
			);
			name = mylive_C;
			productName = mylive_C;
			productReference = D8A762711D14EED400A1405D /* mylive_C */;
			productType = "com.apple.product-type.tool";
		};
/* End PBXNativeTarget section */

/* Begin PBXProject section */
		D8A762691D14EED400A1405D /* Project object */ = {
			isa = PBXProject;
			attributes = {
				LastUpgradeCheck = 0730;
				ORGANIZATIONNAME = "牟廷方";
				TargetAttributes = {
					D8A762701D14EED400A1405D = {
						CreatedOnToolsVersion = 7.3.1;
					};
				};
			};
			buildConfigurationList = D8A7626C1D14EED400A1405D /* Build configuration list for PBXProject "mylive_C" */;
			compatibilityVersion = "Xcode 3.2";
			developmentRegion = English;
			hasScannedForEncodings = 0;
			knownRegions = (
				en,
			);
			mainGroup = D8A762681D14EED400A1405D;
			productRefGroup = D8A762721D14EED400A1405D /* Products */;
			projectDirPath = "";
			projectRoot = "";
			targets = (
				D8A762701D14EED400A1405D /* mylive_C */,
			);
		};
/* End PBXProject section */

/* Begin PBXSourcesBuildPhase section */
		D8A7626D1D14EED400A1405D /* Sources */ = {
			isa = PBXSourcesBuildPhase;
			buildActionMask = 2147483647;
			files = (
				D8A762751D14EED400A1405D /* main.cpp in Sources */,
				D8A762811D15014300A1405D /* gameManager.cpp in Sources */,
			);
			runOnlyForDeploymentPostprocessing = 0;
		};
/* End PBXSourcesBuildPhase section */

/* Begin XCBuildConfiguration section */
		D8A762761D14EED400A1405D /* Debug */ = {
			isa = XCBuildConfiguration;
			buildSettings = {
				ALWAYS_SEARCH_USER_PATHS = NO;
				CLANG_ANALYZER_NONNULL = YES;
				CLANG_CXX_LANGUAGE_STANDARD = "gnu++0x";
				CLANG_CXX_LIBRARY = "libc++";
				CLANG_ENABLE_MODULES = YES;
				CLANG_ENABLE_OBJC_ARC = YES;
				CLANG_WARN_BOOL_CONVERSION = YES;
				CLANG_WARN_CONSTANT_CONVERSION = YES;
				CLANG_WARN_DIRECT_OBJC_ISA_USAGE = YES_ERROR;
				CLANG_WARN_EMPTY_BODY = YES;
				CLANG_WARN_ENUM_CONVERSION = YES;
				CLANG_WARN_INT_CONVERSION = YES;
				CLANG_WARN_OBJC_ROOT_CLASS = YES_ERROR;
				CLANG_WARN_UNREACHABLE_CODE = YES;
				CLANG_WARN__DUPLICATE_METHOD_MATCH = YES;
				CODE_SIGN_IDENTITY = "-";
				COPY_PHASE_STRIP = NO;
				DEBUG_INFORMATION_FORMAT = dwarf;
				ENABLE_STRICT_OBJC_MSGSEND = YES;
				ENABLE_TESTABILITY = YES;
				GCC_C_LANGUAGE_STANDARD = gnu99;
				GCC_DYNAMIC_NO_PIC = NO;
				GCC_NO_COMMON_BLOCKS = YES;
				GCC_OPTIMIZATION_LEVEL = 0;
				GCC_PREPROCESSOR_DEFINITIONS = (
					"DEBUG=1",
					"$(inherited)",
				);
				GCC_WARN_64_TO_32_BIT_CONVERSION = YES;
				GCC_WARN_ABOUT_RETURN_TYPE = YES_ERROR;
				GCC_WARN_UNDECLARED_SELECTOR = YES;
				GCC_WARN_UNINITIALIZED_AUTOS = YES_AGGRESSIVE;
				GCC_WARN_UNUSED_FUNCTION = YES;
				GCC_WARN_UNUSED_VARIABLE = YES;
				MACOSX_DEPLOYMENT_TARGET = 10.11;
				MTL_ENABLE_DEBUG_INFO = YES;
				ONLY_ACTIVE_ARCH = YES;
				SDKROOT = macosx;
			};
			name = Debug;
		};
		D8A762771D14EED400A1405D /* Release */ = {
			isa = XCBuildConfiguration;
			buildSettings = {
				ALWAYS_SEARCH_USER_PATHS = NO;
				CLANG_ANALYZER_NONNULL = YES;
				CLANG_CXX_LANGUAGE_STANDARD = "gnu++0x";
				CLANG_CXX_LIBRARY = "libc++";
				CLANG_ENABLE_MODULES = YES;
				CLANG_ENABLE_OBJC_ARC = YES;
				CLANG_WARN_BOOL_CONVERSION = YES;
				CLANG_WARN_CONSTANT_CONVERSION = YES;
				CLANG_WARN_DIRECT_OBJC_ISA_USAGE = YES_ERROR;
				CLANG_WARN_EMPTY_BODY = YES;
				CLANG_WARN_ENUM_CONVERSION = YES;
				CLANG_WARN_INT_CONVERSION = YES;
				CLANG_WARN_OBJC_ROOT_CLASS = YES_ERROR;
				CLANG_WARN_UNREACHABLE_CODE = YES;
				CLANG_WARN__DUPLICATE_METHOD_MATCH = YES;
				CODE_SIGN_IDENTITY = "-";
				COPY_PHASE_STRIP = NO;
				DEBUG_INFORMATION_FORMAT = "dwarf-with-dsym";
				ENABLE_NS_ASSERTIONS = NO;
				ENABLE_STRICT_OBJC_MSGSEND = YES;
				GCC_C_LANGUAGE_STANDARD = gnu99;
				GCC_NO_COMMON_BLOCKS = YES;
				GCC_WARN_64_TO_32_BIT_CONVERSION = YES;
				GCC_WARN_ABOUT_RETURN_TYPE = YES_ERROR;
				GCC_WARN_UNDECLARED_SELECTOR = YES;
				GCC_WARN_UNINITIALIZED_AUTOS = YES_AGGRESSIVE;
				GCC_WARN_UNUSED_FUNCTION = YES;
				GCC_WARN_UNUSED_VARIABLE = YES;
				MACOSX_DEPLOYMENT_TARGET = 10.11;
				MTL_ENABLE_DEBUG_INFO = NO;
				SDKROOT = macosx;
			};
			name = Release;
		};
		D8A762791D14EED400A1405D /* Debug */ = {
			isa = XCBuildConfiguration;
			buildSettings = {
				PRODUCT_NAME = "$(TARGET_NAME)";
			};
			name = Debug;
		};
		D8A7627A1D14EED400A1405D /* Release */ = {
			isa = XCBuildConfiguration;
			buildSettings = {
				PRODUCT_NAME = "$(TARGET_NAME)";
			};
			name = Release;
		};
/* End XCBuildConfiguration section */

/* Begin XCConfigurationList section */
		D8A7626C1D14EED400A1405D /* Build configuration list for PBXProject "mylive_C" */ = {
			isa = XCConfigurationList;
			buildConfigurations = (
				D8A762761D14EED400A1405D /* Debug */,
				D8A762771D14EED400A1405D /* Release */,
			);
			defaultConfigurationIsVisible = 0;
			defaultConfigurationName = Release;
		};
		D8A762781D14EED400A1405D /* Build configuration list for PBXNativeTarget "mylive_C" */ = {
			isa = XCConfigurationList;
			buildConfigurations = (
				D8A762791D14EED400A1405D /* Debug */,
				D8A7627A1D14EED400A1405D /* Release */,
			);
			defaultConfigurationIsVisible = 0;
		};
/* End XCConfigurationList section */
	};
	rootObject = D8A762691D14EED400A1405D /* Project object */;
}
